// !$*UTF8*$!
{
	archiveVersion = 1;
	classes = {
	};
	objectVersion = 56;
	objects = {

/* Begin PBXBuildFile section */
		82D4F2DA1439F498980F3486 /* YggdrasilApp.swift in Sources */ = {isa = PBXBuildFile; fileRef = 64AE095B1263E7A117A6722F /* YggdrasilApp.swift */; };
		416E42C9C40B0142A94E867F /* RootView.swift in Sources */ = {isa = PBXBuildFile; fileRef = F68F4E6D7A19F094B99DA484 /* RootView.swift */; };
		2EB6B26E82A85030F90A8949 /* Theme.swift in Sources */ = {isa = PBXBuildFile; fileRef = A6B57EFF56801286C50E4A93 /* Theme.swift */; };
		77497372FD9A9CD269A885AC /* YggCard.swift in Sources */ = {isa = PBXBuildFile; fileRef = 2946C37FD4803769ACA4B41D /* YggCard.swift */; };
		449BA0DC4316720D1DCB28E6 /* AuthGate.swift in Sources */ = {isa = PBXBuildFile; fileRef = A8BB74E2825357AF986AB52F /* AuthGate.swift */; };
		81EEEF9473FCACA6ADC3DCD7 /* VaultManager.swift in Sources */ = {isa = PBXBuildFile; fileRef = AD8EE776672A661BFB83EAD4 /* VaultManager.swift */; };
		305E6D705207943FA747FFA3 /* VaultPickerView.swift in Sources */ = {isa = PBXBuildFile; fileRef = A0F1BCA55966245F10D18664 /* VaultPickerView.swift */; };
		C39E432513AA34F77E12C916 /* VaultFileStore.swift in Sources */ = {isa = PBXBuildFile; fileRef = 3383F4474E420445AA4358ED /* VaultFileStore.swift */; };
		666B67AE9D55C5A63A4EF13E /* MarkdownRendererView.swift in Sources */ = {isa = PBXBuildFile; fileRef = 90AC60F6FB01AE186DDFE727 /* MarkdownRendererView.swift */; };
		0BCBDD60D4169C3FE3A8BD3D /* NoteDetailView.swift in Sources */ = {isa = PBXBuildFile; fileRef = 394547EDCD374141F3DFC604 /* NoteDetailView.swift */; };
		11941E8256F7152EE531749C /* MimerShellView.swift in Sources */ = {isa = PBXBuildFile; fileRef = 435045F5470233E53111E5EC /* MimerShellView.swift */; };
		B10000020000000000000010 /* MimerNoteInspectorView.swift in Sources */ = {isa = PBXBuildFile; fileRef = B10000200000000000000010 /* MimerNoteInspectorView.swift */; };
		E31000010000000000000031 /* MimerCanvasKeyboardHost.swift in Sources */ = {isa = PBXBuildFile; fileRef = E31000100000000000000031 /* MimerCanvasKeyboardHost.swift */; };
		85A49894D7CB1D1DA9836B5C /* AttentionLensView.swift in Sources */ = {isa = PBXBuildFile; fileRef = 6AE31C1526CE1715718725CB /* AttentionLensView.swift */; };
		AC67F520A99A7506538E0860 /* InterestsLensView.swift in Sources */ = {isa = PBXBuildFile; fileRef = 0C9D2BD395F9AD0B7288FE9D /* InterestsLensView.swift */; };
		65E3944866236A3633A19487 /* EntityConfirmLensView.swift in Sources */ = {isa = PBXBuildFile; fileRef = 133298A06EA3AB2A882E9293 /* EntityConfirmLensView.swift */; };
		BCF4E8181967BDB175D4AC8E /* ConsentLensView.swift in Sources */ = {isa = PBXBuildFile; fileRef = 21BA6D4F2B355FFD30418DB1 /* ConsentLensView.swift */; };
		D9FFFA17B7EB7F5D34BDB9FC /* SettingsLensView.swift in Sources */ = {isa = PBXBuildFile; fileRef = 361D537E976856B250CFFBD3 /* SettingsLensView.swift */; };
		A6D1E0400000000000000001 /* LensScaffold.swift in Sources */ = {isa = PBXBuildFile; fileRef = A6D1E0400000000000000002 /* LensScaffold.swift */; };
		D84DDF3D1BA800003034C73E /* NoteBrowserView.swift in Sources */ = {isa = PBXBuildFile; fileRef = 416399243593CE65ABBE7F18 /* NoteBrowserView.swift */; };
		AFBD06499F7E0D5AEDD902DD /* Assets.xcassets in Resources */ = {isa = PBXBuildFile; fileRef = 5CAEF267DA8A9A8592B0B826 /* Assets.xcassets */; };
		049AECA1714DE41BF261946D /* VaultFileStoreTests.swift in Sources */ = {isa = PBXBuildFile; fileRef = 8F9A3952B24254D7BE998C87 /* VaultFileStoreTests.swift */; };
		B1F100000000000000000001 /* VaultFileStoreBasicTests.swift in Sources */ = {isa = PBXBuildFile; fileRef = B1F100000000000000000002 /* VaultFileStoreBasicTests.swift */; };
		A6D1E0400000000000000003 /* AttentionLensAuditTests.swift in Sources */ = {isa = PBXBuildFile; fileRef = A6D1E0400000000000000004 /* AttentionLensAuditTests.swift */; };
		45F25DB01F135581112A58D4 /* YggdrasilUITests.swift in Sources */ = {isa = PBXBuildFile; fileRef = 75804FB49C7822EB6089BA56 /* YggdrasilUITests.swift */; };
		A14000010000000000000001 /* CaptureFolderManager.swift in Sources */ = {isa = PBXBuildFile; fileRef = A14000110000000000000001 /* CaptureFolderManager.swift */; };
		A14000020000000000000002 /* CaptureSessionModel.swift in Sources */ = {isa = PBXBuildFile; fileRef = A14000120000000000000002 /* CaptureSessionModel.swift */; };
		A14000030000000000000003 /* HeimdalShellView.swift in Sources */ = {isa = PBXBuildFile; fileRef = A14000130000000000000003 /* HeimdalShellView.swift */; };
		A14000040000000000000004 /* HeimdalBoundaryTests.swift in Sources */ = {isa = PBXBuildFile; fileRef = A14000140000000000000004 /* HeimdalBoundaryTests.swift */; };
		A14000050000000000000005 /* CaptureFolderBindingTests.swift in Sources */ = {isa = PBXBuildFile; fileRef = A14000150000000000000005 /* CaptureFolderBindingTests.swift */; };
		A14000060000000000000006 /* CaptureSessionModelTests.swift in Sources */ = {isa = PBXBuildFile; fileRef = A14000160000000000000006 /* CaptureSessionModelTests.swift */; };
		A14000070000000000000007 /* HeimdalShellUITests.swift in Sources */ = {isa = PBXBuildFile; fileRef = A14000170000000000000007 /* HeimdalShellUITests.swift */; };
		A19000010000000000000001 /* MimerCanvasUITests.swift in Sources */ = {isa = PBXBuildFile; fileRef = A19000110000000000000001 /* MimerCanvasUITests.swift */; };
		B10000010000000000000010 /* NoteInspectorModelTests.swift in Sources */ = {isa = PBXBuildFile; fileRef = B10000100000000000000010 /* NoteInspectorModelTests.swift */; };
		5BB61A3A3A42C1521CE396AF /* YggdrasilCore in Frameworks */ = {isa = PBXBuildFile; productRef = E57461B6C5A0AAAB703095D2 /* YggdrasilCore */; };
		661D4087FF716F6CB52A808E /* YggdrasilCore in Frameworks */ = {isa = PBXBuildFile; productRef = E57461B6C5A0AAAB703095D2 /* YggdrasilCore */; };
/* End PBXBuildFile section */

/* Begin PBXContainerItemProxy section */
		94D7C6BCFAEAFFB1AF891BC8 /* PBXContainerItemProxy */ = {
			isa = PBXContainerItemProxy;
			containerPortal = 98F54143AB4E86B28C3AFEE0 /* Project object */;
			proxyType = 1;
			remoteGlobalIDString = D5A93330F510FEB0409A9DD5;
			remoteInfo = Yggdrasil;
		};
		EF345A9CB111BBA3E7C306A0 /* PBXContainerItemProxy */ = {
			isa = PBXContainerItemProxy;
			containerPortal = 98F54143AB4E86B28C3AFEE0 /* Project object */;
			proxyType = 1;
			remoteGlobalIDString = D5A93330F510FEB0409A9DD5;
			remoteInfo = Yggdrasil;
		};
/* End PBXContainerItemProxy section */

/* Begin PBXFileReference section */
		64AE095B1263E7A117A6722F /* YggdrasilApp.swift */ = {isa = PBXFileReference; lastKnownFileType = sourcecode.swift; path = YggdrasilApp.swift; sourceTree = "<group>"; };
		F68F4E6D7A19F094B99DA484 /* RootView.swift */ = {isa = PBXFileReference; lastKnownFileType = sourcecode.swift; path = RootView.swift; sourceTree = "<group>"; };
		A6B57EFF56801286C50E4A93 /* Theme.swift */ = {isa = PBXFileReference; lastKnownFileType = sourcecode.swift; path = Theme.swift; sourceTree = "<group>"; };
		2946C37FD4803769ACA4B41D /* YggCard.swift */ = {isa = PBXFileReference; lastKnownFileType = sourcecode.swift; path = YggCard.swift; sourceTree = "<group>"; };
		A8BB74E2825357AF986AB52F /* AuthGate.swift */ = {isa = PBXFileReference; lastKnownFileType = sourcecode.swift; path = AuthGate.swift; sourceTree = "<group>"; };
		AD8EE776672A661BFB83EAD4 /* VaultManager.swift */ = {isa = PBXFileReference; lastKnownFileType = sourcecode.swift; path = VaultManager.swift; sourceTree = "<group>"; };
		A0F1BCA55966245F10D18664 /* VaultPickerView.swift */ = {isa = PBXFileReference; lastKnownFileType = sourcecode.swift; path = VaultPickerView.swift; sourceTree = "<group>"; };
		3383F4474E420445AA4358ED /* VaultFileStore.swift */ = {isa = PBXFileReference; lastKnownFileType = sourcecode.swift; path = VaultFileStore.swift; sourceTree = "<group>"; };
		90AC60F6FB01AE186DDFE727 /* MarkdownRendererView.swift */ = {isa = PBXFileReference; lastKnownFileType = sourcecode.swift; path = MarkdownRendererView.swift; sourceTree = "<group>"; };
		394547EDCD374141F3DFC604 /* NoteDetailView.swift */ = {isa = PBXFileReference; lastKnownFileType = sourcecode.swift; path = NoteDetailView.swift; sourceTree = "<group>"; };
		435045F5470233E53111E5EC /* MimerShellView.swift */ = {isa = PBXFileReference; lastKnownFileType = sourcecode.swift; path = MimerShellView.swift; sourceTree = "<group>"; };
		B10000200000000000000010 /* MimerNoteInspectorView.swift */ = {isa = PBXFileReference; lastKnownFileType = sourcecode.swift; path = MimerNoteInspectorView.swift; sourceTree = "<group>"; };
		E31000100000000000000031 /* MimerCanvasKeyboardHost.swift */ = {isa = PBXFileReference; lastKnownFileType = sourcecode.swift; path = MimerCanvasKeyboardHost.swift; sourceTree = "<group>"; };
		6AE31C1526CE1715718725CB /* AttentionLensView.swift */ = {isa = PBXFileReference; lastKnownFileType = sourcecode.swift; path = AttentionLensView.swift; sourceTree = "<group>"; };
		0C9D2BD395F9AD0B7288FE9D /* InterestsLensView.swift */ = {isa = PBXFileReference; lastKnownFileType = sourcecode.swift; path = InterestsLensView.swift; sourceTree = "<group>"; };
		133298A06EA3AB2A882E9293 /* EntityConfirmLensView.swift */ = {isa = PBXFileReference; lastKnownFileType = sourcecode.swift; path = EntityConfirmLensView.swift; sourceTree = "<group>"; };
		21BA6D4F2B355FFD30418DB1 /* ConsentLensView.swift */ = {isa = PBXFileReference; lastKnownFileType = sourcecode.swift; path = ConsentLensView.swift; sourceTree = "<group>"; };
		361D537E976856B250CFFBD3 /* SettingsLensView.swift */ = {isa = PBXFileReference; lastKnownFileType = sourcecode.swift; path = SettingsLensView.swift; sourceTree = "<group>"; };
		A6D1E0400000000000000002 /* LensScaffold.swift */ = {isa = PBXFileReference; lastKnownFileType = sourcecode.swift; path = LensScaffold.swift; sourceTree = "<group>"; };
		416399243593CE65ABBE7F18 /* NoteBrowserView.swift */ = {isa = PBXFileReference; lastKnownFileType = sourcecode.swift; path = NoteBrowserView.swift; sourceTree = "<group>"; };
		8F9A3952B24254D7BE998C87 /* VaultFileStoreTests.swift */ = {isa = PBXFileReference; lastKnownFileType = sourcecode.swift; path = VaultFileStoreTests.swift; sourceTree = "<group>"; };
		B1F100000000000000000002 /* VaultFileStoreBasicTests.swift */ = {isa = PBXFileReference; lastKnownFileType = sourcecode.swift; path = VaultFileStoreBasicTests.swift; sourceTree = "<group>"; };
		A6D1E0400000000000000004 /* AttentionLensAuditTests.swift */ = {isa = PBXFileReference; lastKnownFileType = sourcecode.swift; path = AttentionLensAuditTests.swift; sourceTree = "<group>"; };
		75804FB49C7822EB6089BA56 /* YggdrasilUITests.swift */ = {isa = PBXFileReference; lastKnownFileType = sourcecode.swift; path = YggdrasilUITests.swift; sourceTree = "<group>"; };
		A14000110000000000000001 /* CaptureFolderManager.swift */ = {isa = PBXFileReference; lastKnownFileType = sourcecode.swift; path = CaptureFolderManager.swift; sourceTree = "<group>"; };
		A14000120000000000000002 /* CaptureSessionModel.swift */ = {isa = PBXFileReference; lastKnownFileType = sourcecode.swift; path = CaptureSessionModel.swift; sourceTree = "<group>"; };
		A14000130000000000000003 /* HeimdalShellView.swift */ = {isa = PBXFileReference; lastKnownFileType = sourcecode.swift; path = HeimdalShellView.swift; sourceTree = "<group>"; };
		A14000140000000000000004 /* HeimdalBoundaryTests.swift */ = {isa = PBXFileReference; lastKnownFileType = sourcecode.swift; path = HeimdalBoundaryTests.swift; sourceTree = "<group>"; };
		A14000150000000000000005 /* CaptureFolderBindingTests.swift */ = {isa = PBXFileReference; lastKnownFileType = sourcecode.swift; path = CaptureFolderBindingTests.swift; sourceTree = "<group>"; };
		A14000160000000000000006 /* CaptureSessionModelTests.swift */ = {isa = PBXFileReference; lastKnownFileType = sourcecode.swift; path = CaptureSessionModelTests.swift; sourceTree = "<group>"; };
		A14000170000000000000007 /* HeimdalShellUITests.swift */ = {isa = PBXFileReference; lastKnownFileType = sourcecode.swift; path = HeimdalShellUITests.swift; sourceTree = "<group>"; };
		A19000110000000000000001 /* MimerCanvasUITests.swift */ = {isa = PBXFileReference; lastKnownFileType = sourcecode.swift; path = MimerCanvasUITests.swift; sourceTree = "<group>"; };
		B10000100000000000000010 /* NoteInspectorModelTests.swift */ = {isa = PBXFileReference; lastKnownFileType = sourcecode.swift; path = NoteInspectorModelTests.swift; sourceTree = "<group>"; };
		5CAEF267DA8A9A8592B0B826 /* Assets.xcassets */ = {isa = PBXFileReference; lastKnownFileType = folder.assetcatalog; path = Assets.xcassets; sourceTree = "<group>"; };
		7D497DBFC684E0B65B3E9AD0 /* Yggdrasil.app */ = {isa = PBXFileReference; explicitFileType = wrapper.application; includeInIndex = 0; path = Yggdrasil.app; sourceTree = BUILT_PRODUCTS_DIR; };
		FD7AA2B15AA01B81DC5A28A2 /* YggdrasilTests.xctest */ = {isa = PBXFileReference; explicitFileType = wrapper.cfbundle; includeInIndex = 0; path = YggdrasilTests.xctest; sourceTree = BUILT_PRODUCTS_DIR; };
		FD0FBE5B7AA11A58ED447675 /* YggdrasilUITests.xctest */ = {isa = PBXFileReference; explicitFileType = wrapper.cfbundle; includeInIndex = 0; path = YggdrasilUITests.xctest; sourceTree = BUILT_PRODUCTS_DIR; };
/* End PBXFileReference section */

/* Begin PBXFrameworksBuildPhase section */
		9A4400515012A32F002507A3 /* Frameworks */ = {
			isa = PBXFrameworksBuildPhase;
			buildActionMask = 2147483647;
			files = (
				5BB61A3A3A42C1521CE396AF /* YggdrasilCore in Frameworks */,
			);
			runOnlyForDeploymentPostprocessing = 0;
		};
		A9D7C58B246DF7BBAB615EA6 /* Frameworks */ = {
			isa = PBXFrameworksBuildPhase;
			buildActionMask = 2147483647;
			files = (
				661D4087FF716F6CB52A808E /* YggdrasilCore in Frameworks */,
			);
			runOnlyForDeploymentPostprocessing = 0;
		};
		B84D55E4361F82A717805682 /* Frameworks */ = {
			isa = PBXFrameworksBuildPhase;
			buildActionMask = 2147483647;
			files = (
			);
			runOnlyForDeploymentPostprocessing = 0;
		};
/* End PBXFrameworksBuildPhase section */

/* Begin PBXGroup section */
		1561189F8F48E6D5B7F12830 = {
			isa = PBXGroup;
			children = (
				2946C37FD4803769ACA4B41D /* YggCard.swift */,
			);
			path = Components;
			sourceTree = "<group>";
		};
		53461339D102C92A110EB356 = {
			isa = PBXGroup;
			children = (
				A6B57EFF56801286C50E4A93 /* Theme.swift */,
				1561189F8F48E6D5B7F12830 /* Components */,
			);
			path = DesignSystem;
			sourceTree = "<group>";
		};
		51D0F0ADAA7262871D9B5317 = {
			isa = PBXGroup;
			children = (
				64AE095B1263E7A117A6722F /* YggdrasilApp.swift */,
				F68F4E6D7A19F094B99DA484 /* RootView.swift */,
			);
			path = App;
			sourceTree = "<group>";
		};
		2CD1F255CB22B6A63233290C = {
			isa = PBXGroup;
			children = (
				A8BB74E2825357AF986AB52F /* AuthGate.swift */,
			);
			path = Auth;
			sourceTree = "<group>";
		};
		63070C0535014571F201A8B0 = {
			isa = PBXGroup;
			children = (
				AD8EE776672A661BFB83EAD4 /* VaultManager.swift */,
				A0F1BCA55966245F10D18664 /* VaultPickerView.swift */,
				3383F4474E420445AA4358ED /* VaultFileStore.swift */,
			);
			path = Vault;
			sourceTree = "<group>";
		};
		C50FEEDADB2CAD552390A17E = {
			isa = PBXGroup;
			children = (
				90AC60F6FB01AE186DDFE727 /* MarkdownRendererView.swift */,
				394547EDCD374141F3DFC604 /* NoteDetailView.swift */,
			);
			path = Markdown;
			sourceTree = "<group>";
		};
		097EE2F715794FC34CED22E4 = {
			isa = PBXGroup;
			children = (
				6AE31C1526CE1715718725CB /* AttentionLensView.swift */,
				0C9D2BD395F9AD0B7288FE9D /* InterestsLensView.swift */,
				133298A06EA3AB2A882E9293 /* EntityConfirmLensView.swift */,
				21BA6D4F2B355FFD30418DB1 /* ConsentLensView.swift */,
				361D537E976856B250CFFBD3 /* SettingsLensView.swift */,
				A6D1E0400000000000000002 /* LensScaffold.swift */,
				416399243593CE65ABBE7F18 /* NoteBrowserView.swift */,
			);
			path = Lenses;
			sourceTree = "<group>";
		};
		AC627CAEB0F061C3CB6B7D5F = {
			isa = PBXGroup;
			children = (
				435045F5470233E53111E5EC /* MimerShellView.swift */,
				E31000100000000000000031 /* MimerCanvasKeyboardHost.swift */,
				B10000200000000000000010 /* MimerNoteInspectorView.swift */,
				097EE2F715794FC34CED22E4 /* Lenses */,
			);
			path = Mimer;
			sourceTree = "<group>";
		};
		A14000210000000000000001 = {
			isa = PBXGroup;
			children = (
				A14000110000000000000001 /* CaptureFolderManager.swift */,
				A14000120000000000000002 /* CaptureSessionModel.swift */,
				A14000130000000000000003 /* HeimdalShellView.swift */,
			);
			path = Heimdal;
			sourceTree = "<group>";
		};
		5F44D0FB9286968825156D66 = {
			isa = PBXGroup;
			children = (
				5CAEF267DA8A9A8592B0B826 /* Assets.xcassets */,
			);
			path = Resources;
			sourceTree = "<group>";
		};
		1E216F6A553FF29FAAA77EE3 = {
			isa = PBXGroup;
			children = (
				51D0F0ADAA7262871D9B5317 /* App */,
				53461339D102C92A110EB356 /* DesignSystem */,
				2CD1F255CB22B6A63233290C /* Auth */,
				63070C0535014571F201A8B0 /* Vault */,
				C50FEEDADB2CAD552390A17E /* Markdown */,
				AC627CAEB0F061C3CB6B7D5F /* Mimer */,
				A14000210000000000000001 /* Heimdal */,
				5F44D0FB9286968825156D66 /* Resources */,
			);
			path = Yggdrasil;
			sourceTree = "<group>";
		};
		437284521E5A64D13C5019F5 = {
			isa = PBXGroup;
			children = (
				8F9A3952B24254D7BE998C87 /* VaultFileStoreTests.swift */,
				B1F100000000000000000002 /* VaultFileStoreBasicTests.swift */,
				A6D1E0400000000000000004 /* AttentionLensAuditTests.swift */,
				A14000140000000000000004 /* HeimdalBoundaryTests.swift */,
				A14000150000000000000005 /* CaptureFolderBindingTests.swift */,
				A14000160000000000000006 /* CaptureSessionModelTests.swift */,
				B10000100000000000000010 /* NoteInspectorModelTests.swift */,
			);
			path = YggdrasilTests;
			sourceTree = "<group>";
		};
		6759127ACC61E9F860C79C3B = {
			isa = PBXGroup;
			children = (
				75804FB49C7822EB6089BA56 /* YggdrasilUITests.swift */,
				A14000170000000000000007 /* HeimdalShellUITests.swift */,
				A19000110000000000000001 /* MimerCanvasUITests.swift */,
			);
			path = YggdrasilUITests;
			sourceTree = "<group>";
		};
		00C45FD35CB0F9C5F764F070 = {
			isa = PBXGroup;
			children = (
				7D497DBFC684E0B65B3E9AD0 /* Yggdrasil.app */,
				FD7AA2B15AA01B81DC5A28A2 /* YggdrasilTests.xctest */,
				FD0FBE5B7AA11A58ED447675 /* YggdrasilUITests.xctest */,
			);
			name = Products;
			sourceTree = "<group>";
		};
		4C3443ABF85551034B9D186D = {
			isa = PBXGroup;
			children = (
			);
			name = Packages;
			sourceTree = "<group>";
		};
		ADCF10F76EBF2A74473E9DC4 = {
			isa = PBXGroup;
			children = (
				1E216F6A553FF29FAAA77EE3 /* Yggdrasil */,
				437284521E5A64D13C5019F5 /* YggdrasilTests */,
				6759127ACC61E9F860C79C3B /* YggdrasilUITests */,
				4C3443ABF85551034B9D186D /* Packages */,
				00C45FD35CB0F9C5F764F070 /* Products */,
			);
			sourceTree = "<group>";
		};
/* End PBXGroup section */

/* Begin PBXNativeTarget section */
		D5A93330F510FEB0409A9DD5 /* Yggdrasil */ = {
			isa = PBXNativeTarget;
			buildConfigurationList = 32995943DE67267A65D32CA9 /* Build configuration list for PBXNativeTarget "Yggdrasil" */;
			buildPhases = (
				085F7E3E7B8CE91F141B18A3 /* Sources */,
				9A4400515012A32F002507A3 /* Frameworks */,
				9A58CE1AB396E0E585ECAC5F /* Resources */,
			);
			buildRules = (
			);
			dependencies = (
			);
			name = Yggdrasil;
			packageProductDependencies = (
				E57461B6C5A0AAAB703095D2 /* YggdrasilCore */,
			);
			productName = Yggdrasil;
			productReference = 7D497DBFC684E0B65B3E9AD0 /* Yggdrasil.app */;
			productType = "com.apple.product-type.application";
		};
		092F0B0544FC97E06CAC92B7 /* YggdrasilTests */ = {
			isa = PBXNativeTarget;
			buildConfigurationList = 6137A6F58D979B3DA500C290 /* Build configuration list for PBXNativeTarget "YggdrasilTests" */;
			buildPhases = (
				9710977FE61792D7E8FCC2A5 /* Sources */,
				A9D7C58B246DF7BBAB615EA6 /* Frameworks */,
			);
			buildRules = (
			);
			dependencies = (
				5E607BE78363E48AC791FD9C /* PBXTargetDependency */,
			);
			name = YggdrasilTests;
			packageProductDependencies = (
				E57461B6C5A0AAAB703095D2 /* YggdrasilCore */,
			);
			productName = YggdrasilTests;
			productReference = FD7AA2B15AA01B81DC5A28A2 /* YggdrasilTests.xctest */;
			productType = "com.apple.product-type.bundle.unit-test";
		};
		0DB7B8483077D63AA88BA4D9 /* YggdrasilUITests */ = {
			isa = PBXNativeTarget;
			buildConfigurationList = B9D238E8D10B8FD3FEBE9F6E /* Build configuration list for PBXNativeTarget "YggdrasilUITests" */;
			buildPhases = (
				6513A14487B7BC88A6CAB19E /* Sources */,
				B84D55E4361F82A717805682 /* Frameworks */,
			);
			buildRules = (
			);
			dependencies = (
				9D3FECFEB4E6A67B5EAE82F1 /* PBXTargetDependency */,
			);
			name = YggdrasilUITests;
			productName = YggdrasilUITests;
			productReference = FD0FBE5B7AA11A58ED447675 /* YggdrasilUITests.xctest */;
			productType = "com.apple.product-type.bundle.ui-testing";
		};
/* End PBXNativeTarget section */

/* Begin PBXProject section */
		98F54143AB4E86B28C3AFEE0 /* Project object */ = {
			isa = PBXProject;
			attributes = {
				BuildIndependentTargetsInParallel = 1;
				LastSwiftUpdateCheck = 1520;
				LastUpgradeCheck = 1520;
				TargetAttributes = {
					D5A93330F510FEB0409A9DD5 = {
						CreatedOnToolsVersion = 15.2;
					};
					092F0B0544FC97E06CAC92B7 = {
						CreatedOnToolsVersion = 15.2;
						TestTargetID = D5A93330F510FEB0409A9DD5;
					};
					0DB7B8483077D63AA88BA4D9 = {
						CreatedOnToolsVersion = 15.2;
						TestTargetID = D5A93330F510FEB0409A9DD5;
					};
				};
			};
			buildConfigurationList = 12D04D787E90C9B967248BFD /* Build configuration list for PBXProject "Yggdrasil" */;
			compatibilityVersion = "Xcode 14.0";
			developmentRegion = en;
			hasScannedForEncodings = 0;
			knownRegions = (
				en,
				Base,
			);
			mainGroup = ADCF10F76EBF2A74473E9DC4;
			packageReferences = (
				DF76B2AD1AD813B1B506987B /* XCLocalSwiftPackageReference "Packages/YggdrasilCore" */,
			);
			productRefGroup = 00C45FD35CB0F9C5F764F070 /* Products */;
			projectDirPath = "";
			projectRoot = "";
			targets = (
				D5A93330F510FEB0409A9DD5 /* Yggdrasil */,
				092F0B0544FC97E06CAC92B7 /* YggdrasilTests */,
				0DB7B8483077D63AA88BA4D9 /* YggdrasilUITests */,
			);
		};
/* End PBXProject section */

/* Begin PBXResourcesBuildPhase section */
		9A58CE1AB396E0E585ECAC5F /* Resources */ = {
			isa = PBXResourcesBuildPhase;
			buildActionMask = 2147483647;
			files = (
				AFBD06499F7E0D5AEDD902DD /* Assets.xcassets in Resources */,
			);
			runOnlyForDeploymentPostprocessing = 0;
		};
/* End PBXResourcesBuildPhase section */

/* Begin PBXSourcesBuildPhase section */
		085F7E3E7B8CE91F141B18A3 /* Sources */ = {
			isa = PBXSourcesBuildPhase;
			buildActionMask = 2147483647;
			files = (
				82D4F2DA1439F498980F3486 /* YggdrasilApp.swift in Sources */,
				416E42C9C40B0142A94E867F /* RootView.swift in Sources */,
				2EB6B26E82A85030F90A8949 /* Theme.swift in Sources */,
				77497372FD9A9CD269A885AC /* YggCard.swift in Sources */,
				449BA0DC4316720D1DCB28E6 /* AuthGate.swift in Sources */,
				81EEEF9473FCACA6ADC3DCD7 /* VaultManager.swift in Sources */,
				305E6D705207943FA747FFA3 /* VaultPickerView.swift in Sources */,
				C39E432513AA34F77E12C916 /* VaultFileStore.swift in Sources */,
				666B67AE9D55C5A63A4EF13E /* MarkdownRendererView.swift in Sources */,
				0BCBDD60D4169C3FE3A8BD3D /* NoteDetailView.swift in Sources */,
				11941E8256F7152EE531749C /* MimerShellView.swift in Sources */,
				E31000010000000000000031 /* MimerCanvasKeyboardHost.swift in Sources */,
				B10000020000000000000010 /* MimerNoteInspectorView.swift in Sources */,
				85A49894D7CB1D1DA9836B5C /* AttentionLensView.swift in Sources */,
				AC67F520A99A7506538E0860 /* InterestsLensView.swift in Sources */,
				65E3944866236A3633A19487 /* EntityConfirmLensView.swift in Sources */,
				BCF4E8181967BDB175D4AC8E /* ConsentLensView.swift in Sources */,
				D9FFFA17B7EB7F5D34BDB9FC /* SettingsLensView.swift in Sources */,
				A6D1E0400000000000000001 /* LensScaffold.swift in Sources */,
				D84DDF3D1BA800003034C73E /* NoteBrowserView.swift in Sources */,
				A14000010000000000000001 /* CaptureFolderManager.swift in Sources */,
				A14000020000000000000002 /* CaptureSessionModel.swift in Sources */,
				A14000030000000000000003 /* HeimdalShellView.swift in Sources */,
			);
			runOnlyForDeploymentPostprocessing = 0;
		};
		9710977FE61792D7E8FCC2A5 /* Sources */ = {
			isa = PBXSourcesBuildPhase;
			buildActionMask = 2147483647;
			files = (
				049AECA1714DE41BF261946D /* VaultFileStoreTests.swift in Sources */,
				B1F100000000000000000001 /* VaultFileStoreBasicTests.swift in Sources */,
				A6D1E0400000000000000003 /* AttentionLensAuditTests.swift in Sources */,
				A14000040000000000000004 /* HeimdalBoundaryTests.swift in Sources */,
				A14000050000000000000005 /* CaptureFolderBindingTests.swift in Sources */,
				A14000060000000000000006 /* CaptureSessionModelTests.swift in Sources */,
				B10000010000000000000010 /* NoteInspectorModelTests.swift in Sources */,
			);
			runOnlyForDeploymentPostprocessing = 0;
		};
		6513A14487B7BC88A6CAB19E /* Sources */ = {
			isa = PBXSourcesBuildPhase;
			buildActionMask = 2147483647;
			files = (
				45F25DB01F135581112A58D4 /* YggdrasilUITests.swift in Sources */,
				A14000070000000000000007 /* HeimdalShellUITests.swift in Sources */,
				A19000010000000000000001 /* MimerCanvasUITests.swift in Sources */,
			);
			runOnlyForDeploymentPostprocessing = 0;
		};
/* End PBXSourcesBuildPhase section */

/* Begin PBXTargetDependency section */
		5E607BE78363E48AC791FD9C /* PBXTargetDependency */ = {
			isa = PBXTargetDependency;
			target = D5A93330F510FEB0409A9DD5 /* Yggdrasil */;
			targetProxy = 94D7C6BCFAEAFFB1AF891BC8 /* PBXContainerItemProxy */;
		};
		9D3FECFEB4E6A67B5EAE82F1 /* PBXTargetDependency */ = {
			isa = PBXTargetDependency;
			target = D5A93330F510FEB0409A9DD5 /* Yggdrasil */;
			targetProxy = EF345A9CB111BBA3E7C306A0 /* PBXContainerItemProxy */;
		};
/* End PBXTargetDependency section */

/* Begin XCBuildConfiguration section */
		2886A2F598620B17189DFE31 /* Debug */ = {
			isa = XCBuildConfiguration;
			buildSettings = {

				ALWAYS_SEARCH_USER_PATHS = NO;
				CLANG_ANALYZER_NONNULL = YES;
				CLANG_ANALYZER_NUMBER_OBJECT_CONVERSION = YES_AGGRESSIVE;
				CLANG_CXX_LANGUAGE_STANDARD = "gnu++20";
				CLANG_ENABLE_MODULES = YES;
				CLANG_ENABLE_OBJC_ARC = YES;
				CLANG_ENABLE_OBJC_WEAK = YES;
				CLANG_WARN_BLOCK_CAPTURE_AUTORELEASING = YES;
				CLANG_WARN_BOOL_CONVERSION = YES;
				CLANG_WARN_COMMA = YES;
				CLANG_WARN_CONSTANT_CONVERSION = YES;
				CLANG_WARN_DEPRECATED_OBJC_IMPLEMENTATIONS = YES;
				CLANG_WARN_DIRECT_OBJC_ISA_USAGE = YES_ERROR;
				CLANG_WARN_DOCUMENTATION_COMMENTS = YES;
				CLANG_WARN_EMPTY_BODY = YES;
				CLANG_WARN_ENUM_CONVERSION = YES;
				CLANG_WARN_INFINITE_RECURSION = YES;
				CLANG_WARN_INT_CONVERSION = YES;
				CLANG_WARN_NON_LITERAL_NULL_CONVERSION = YES;
				CLANG_WARN_OBJC_IMPLICIT_RETAIN_SELF = YES;
				CLANG_WARN_OBJC_LITERAL_CONVERSION = YES;
				CLANG_WARN_OBJC_ROOT_CLASS = YES_ERROR;
				CLANG_WARN_QUOTED_INCLUDE_IN_FRAMEWORK_HEADER = YES;
				CLANG_WARN_RANGE_LOOP_ANALYSIS = YES;
				CLANG_WARN_STRICT_PROTOTYPES = YES;
				CLANG_WARN_SUSPICIOUS_MOVE = YES;
				CLANG_WARN_UNGUARDED_AVAILABILITY = YES_AGGRESSIVE;
				CLANG_WARN_UNREACHABLE_CODE = YES;
				CLANG_WARN__DUPLICATE_METHOD_MATCH = YES;
				COPY_PHASE_STRIP = NO;
				ENABLE_STRICT_OBJC_MSGSEND = YES;
				GCC_C_LANGUAGE_STANDARD = gnu17;
				GCC_NO_COMMON_BLOCKS = YES;
				GCC_WARN_64_TO_32_BIT_CONVERSION = YES;
				GCC_WARN_ABOUT_RETURN_TYPE = YES_ERROR;
				GCC_WARN_UNDECLARED_SELECTOR = YES;
				GCC_WARN_UNINITIALIZED_AUTOS = YES_AGGRESSIVE;
				GCC_WARN_UNUSED_FUNCTION = YES;
				GCC_WARN_UNUSED_VARIABLE = YES;
				IPHONEOS_DEPLOYMENT_TARGET = 17.0;
				MTL_ENABLE_DEBUG_INFO = INCLUDE_SOURCE;
				MTL_FAST_MATH = YES;
				SDKROOT = iphoneos;
				SWIFT_COMPILATION_MODE = wholemodule;
				SWIFT_VERSION = 5.0;
				DEBUG_INFORMATION_FORMAT = dwarf;
				ENABLE_TESTABILITY = YES;
				GCC_DYNAMIC_NO_PIC = NO;
				GCC_OPTIMIZATION_LEVEL = 0;
				GCC_PREPROCESSOR_DEFINITIONS = (
					"DEBUG=1",
					"$(inherited)",
				);
				ONLY_ACTIVE_ARCH = YES;
				SWIFT_ACTIVE_COMPILATION_CONDITIONS = DEBUG;
				SWIFT_OPTIMIZATION_LEVEL = "-Onone";
			};
			name = Debug;
		};
		66882F7E8CAF6A87D8089168 /* Release */ = {
			isa = XCBuildConfiguration;
			buildSettings = {

				ALWAYS_SEARCH_USER_PATHS = NO;
				CLANG_ANALYZER_NONNULL = YES;
				CLANG_ANALYZER_NUMBER_OBJECT_CONVERSION = YES_AGGRESSIVE;
				CLANG_CXX_LANGUAGE_STANDARD = "gnu++20";
				CLANG_ENABLE_MODULES = YES;
				CLANG_ENABLE_OBJC_ARC = YES;
				CLANG_ENABLE_OBJC_WEAK = YES;
				CLANG_WARN_BLOCK_CAPTURE_AUTORELEASING = YES;
				CLANG_WARN_BOOL_CONVERSION = YES;
				CLANG_WARN_COMMA = YES;
				CLANG_WARN_CONSTANT_CONVERSION = YES;
				CLANG_WARN_DEPRECATED_OBJC_IMPLEMENTATIONS = YES;
				CLANG_WARN_DIRECT_OBJC_ISA_USAGE = YES_ERROR;
				CLANG_WARN_DOCUMENTATION_COMMENTS = YES;
				CLANG_WARN_EMPTY_BODY = YES;
				CLANG_WARN_ENUM_CONVERSION = YES;
				CLANG_WARN_INFINITE_RECURSION = YES;
				CLANG_WARN_INT_CONVERSION = YES;
				CLANG_WARN_NON_LITERAL_NULL_CONVERSION = YES;
				CLANG_WARN_OBJC_IMPLICIT_RETAIN_SELF = YES;
				CLANG_WARN_OBJC_LITERAL_CONVERSION = YES;
				CLANG_WARN_OBJC_ROOT_CLASS = YES_ERROR;
				CLANG_WARN_QUOTED_INCLUDE_IN_FRAMEWORK_HEADER = YES;
				CLANG_WARN_RANGE_LOOP_ANALYSIS = YES;
				CLANG_WARN_STRICT_PROTOTYPES = YES;
				CLANG_WARN_SUSPICIOUS_MOVE = YES;
				CLANG_WARN_UNGUARDED_AVAILABILITY = YES_AGGRESSIVE;
				CLANG_WARN_UNREACHABLE_CODE = YES;
				CLANG_WARN__DUPLICATE_METHOD_MATCH = YES;
				COPY_PHASE_STRIP = NO;
				ENABLE_STRICT_OBJC_MSGSEND = YES;
				GCC_C_LANGUAGE_STANDARD = gnu17;
				GCC_NO_COMMON_BLOCKS = YES;
				GCC_WARN_64_TO_32_BIT_CONVERSION = YES;
				GCC_WARN_ABOUT_RETURN_TYPE = YES_ERROR;
				GCC_WARN_UNDECLARED_SELECTOR = YES;
				GCC_WARN_UNINITIALIZED_AUTOS = YES_AGGRESSIVE;
				GCC_WARN_UNUSED_FUNCTION = YES;
				GCC_WARN_UNUSED_VARIABLE = YES;
				IPHONEOS_DEPLOYMENT_TARGET = 17.0;
				MTL_ENABLE_DEBUG_INFO = INCLUDE_SOURCE;
				MTL_FAST_MATH = YES;
				SDKROOT = iphoneos;
				SWIFT_COMPILATION_MODE = wholemodule;
				SWIFT_VERSION = 5.0;
				DEBUG_INFORMATION_FORMAT = "dwarf-with-dsym";
				ENABLE_NS_ASSERTIONS = NO;
				MTL_ENABLE_DEBUG_INFO = NO;
				SWIFT_COMPILATION_MODE = wholemodule;
				SWIFT_OPTIMIZATION_LEVEL = "-O";
				VALIDATE_PRODUCT = YES;
			};
			name = Release;
		};
		1271AEDDD1B949C5FC17A402 /* Debug */ = {
			isa = XCBuildConfiguration;
			buildSettings = {

				ASSETCATALOG_COMPILER_APPICON_NAME = AppIcon;
				ASSETCATALOG_COMPILER_GLOBAL_ACCENT_COLOR_NAME = AccentColor;
				CODE_SIGN_STYLE = Automatic;
				CURRENT_PROJECT_VERSION = 1;
				GENERATE_INFOPLIST_FILE = YES;
				INFOPLIST_KEY_NSFaceIDUsageDescription = "Yggdrasil uses Face ID to unlock access to your vault on this device.";
				INFOPLIST_KEY_UIApplicationSceneManifest_Generation = YES;
				INFOPLIST_KEY_UILaunchScreen_Generation = YES;
				INFOPLIST_KEY_UISupportedInterfaceOrientations = "UIInterfaceOrientationPortrait UIInterfaceOrientationPortraitUpsideDown";
				INFOPLIST_KEY_UISupportedInterfaceOrientations_iPad = "UIInterfaceOrientationPortrait UIInterfaceOrientationPortraitUpsideDown UIInterfaceOrientationLandscapeLeft UIInterfaceOrientationLandscapeRight";
				LD_RUNPATH_SEARCH_PATHS = (
					"$(inherited)",
					"@executable_path/Frameworks",
				);
				MARKETING_VERSION = 1.0;
				PRODUCT_BUNDLE_IDENTIFIER = com.rasmusthornberg.yggdrasil;
				PRODUCT_NAME = "$(TARGET_NAME)";
				SWIFT_EMIT_LOC_STRINGS = YES;
				TARGETED_DEVICE_FAMILY = "1,2";
			};
			name = Debug;
		};
		031452DB4B721688A12119AF /* Release */ = {
			isa = XCBuildConfiguration;
			buildSettings = {

				ASSETCATALOG_COMPILER_APPICON_NAME = AppIcon;
				ASSETCATALOG_COMPILER_GLOBAL_ACCENT_COLOR_NAME = AccentColor;
				CODE_SIGN_STYLE = Automatic;
				CURRENT_PROJECT_VERSION = 1;
				GENERATE_INFOPLIST_FILE = YES;
				INFOPLIST_KEY_NSFaceIDUsageDescription = "Yggdrasil uses Face ID to unlock access to your vault on this device.";
				INFOPLIST_KEY_UIApplicationSceneManifest_Generation = YES;
				INFOPLIST_KEY_UILaunchScreen_Generation = YES;
				INFOPLIST_KEY_UISupportedInterfaceOrientations = "UIInterfaceOrientationPortrait UIInterfaceOrientationPortraitUpsideDown";
				INFOPLIST_KEY_UISupportedInterfaceOrientations_iPad = "UIInterfaceOrientationPortrait UIInterfaceOrientationPortraitUpsideDown UIInterfaceOrientationLandscapeLeft UIInterfaceOrientationLandscapeRight";
				LD_RUNPATH_SEARCH_PATHS = (
					"$(inherited)",
					"@executable_path/Frameworks",
				);
				MARKETING_VERSION = 1.0;
				PRODUCT_BUNDLE_IDENTIFIER = com.rasmusthornberg.yggdrasil;
				PRODUCT_NAME = "$(TARGET_NAME)";
				SWIFT_EMIT_LOC_STRINGS = YES;
				TARGETED_DEVICE_FAMILY = "1,2";
			};
			name = Release;
		};
		00241A20E391AC85B9290E18 /* Debug */ = {
			isa = XCBuildConfiguration;
			buildSettings = {

				BUNDLE_LOADER = "$(TEST_HOST)";
				CODE_SIGN_STYLE = Automatic;
				CURRENT_PROJECT_VERSION = 1;
				GENERATE_INFOPLIST_FILE = YES;
				PRODUCT_BUNDLE_IDENTIFIER = com.rasmusthornberg.yggdrasil.tests;
				PRODUCT_NAME = "$(TARGET_NAME)";
				SWIFT_EMIT_LOC_STRINGS = NO;
				TARGETED_DEVICE_FAMILY = "1,2";
				TEST_HOST = "$(BUILT_PRODUCTS_DIR)/Yggdrasil.app/Yggdrasil";
			};
			name = Debug;
		};
		DD29F9EF200981C8645BAD4E /* Release */ = {
			isa = XCBuildConfiguration;
			buildSettings = {

				BUNDLE_LOADER = "$(TEST_HOST)";
				CODE_SIGN_STYLE = Automatic;
				CURRENT_PROJECT_VERSION = 1;
				GENERATE_INFOPLIST_FILE = YES;
				PRODUCT_BUNDLE_IDENTIFIER = com.rasmusthornberg.yggdrasil.tests;
				PRODUCT_NAME = "$(TARGET_NAME)";
				SWIFT_EMIT_LOC_STRINGS = NO;
				TARGETED_DEVICE_FAMILY = "1,2";
				TEST_HOST = "$(BUILT_PRODUCTS_DIR)/Yggdrasil.app/Yggdrasil";
			};
			name = Release;
		};
		FB58C315D80A9FAFC0F44C88 /* Debug */ = {
			isa = XCBuildConfiguration;
			buildSettings = {

				CODE_SIGN_STYLE = Automatic;
				CURRENT_PROJECT_VERSION = 1;
				GENERATE_INFOPLIST_FILE = YES;
				PRODUCT_BUNDLE_IDENTIFIER = com.rasmusthornberg.yggdrasil.uitests;
				PRODUCT_NAME = "$(TARGET_NAME)";
				SWIFT_EMIT_LOC_STRINGS = NO;
				TARGETED_DEVICE_FAMILY = "1,2";
				TEST_TARGET_NAME = Yggdrasil;
			};
			name = Debug;
		};
		F9877C844BD1D6E15E9425A3 /* Release */ = {
			isa = XCBuildConfiguration;
			buildSettings = {

				CODE_SIGN_STYLE = Automatic;
				CURRENT_PROJECT_VERSION = 1;
				GENERATE_INFOPLIST_FILE = YES;
				PRODUCT_BUNDLE_IDENTIFIER = com.rasmusthornberg.yggdrasil.uitests;
				PRODUCT_NAME = "$(TARGET_NAME)";
				SWIFT_EMIT_LOC_STRINGS = NO;
				TARGETED_DEVICE_FAMILY = "1,2";
				TEST_TARGET_NAME = Yggdrasil;
			};
			name = Release;
		};
/* End XCBuildConfiguration section */

/* Begin XCConfigurationList section */
		12D04D787E90C9B967248BFD /* Build configuration list for PBXProject "Yggdrasil" */ = {
			isa = XCConfigurationList;
			buildConfigurations = (
				2886A2F598620B17189DFE31 /* Debug */,
				66882F7E8CAF6A87D8089168 /* Release */,
			);
			defaultConfigurationIsVisible = 0;
			defaultConfigurationName = Release;
		};
		32995943DE67267A65D32CA9 /* Build configuration list for PBXNativeTarget "Yggdrasil" */ = {
			isa = XCConfigurationList;
			buildConfigurations = (
				1271AEDDD1B949C5FC17A402 /* Debug */,
				031452DB4B721688A12119AF /* Release */,
			);
			defaultConfigurationIsVisible = 0;
			defaultConfigurationName = Release;
		};
		6137A6F58D979B3DA500C290 /* Build configuration list for PBXNativeTarget "YggdrasilTests" */ = {
			isa = XCConfigurationList;
			buildConfigurations = (
				00241A20E391AC85B9290E18 /* Debug */,
				DD29F9EF200981C8645BAD4E /* Release */,
			);
			defaultConfigurationIsVisible = 0;
			defaultConfigurationName = Release;
		};
		B9D238E8D10B8FD3FEBE9F6E /* Build configuration list for PBXNativeTarget "YggdrasilUITests" */ = {
			isa = XCConfigurationList;
			buildConfigurations = (
				FB58C315D80A9FAFC0F44C88 /* Debug */,
				F9877C844BD1D6E15E9425A3 /* Release */,
			);
			defaultConfigurationIsVisible = 0;
			defaultConfigurationName = Release;
		};
/* End XCConfigurationList section */

/* Begin XCLocalSwiftPackageReference section */
		DF76B2AD1AD813B1B506987B /* XCLocalSwiftPackageReference "Packages/YggdrasilCore" */ = {
			isa = XCLocalSwiftPackageReference;
			relativePath = ../Packages/YggdrasilCore;
		};
/* End XCLocalSwiftPackageReference section */

/* Begin XCSwiftPackageProductDependency section */
		E57461B6C5A0AAAB703095D2 /* YggdrasilCore */ = {
			isa = XCSwiftPackageProductDependency;
			productName = YggdrasilCore;
		};
/* End XCSwiftPackageProductDependency section */

	};
	rootObject = 98F54143AB4E86B28C3AFEE0 /* Project object */;
}
